
Microsoft Visual Studio Solution File, Format Version 12.00
# Visual Studio 2012
Project("{FAE04EC0-301F-11D3-BF4B-00C04F79EFBC}") = "OnTheSpot", "OnTheSpot\OnTheSpot.csproj", "{049DBCB3-356E-489F-B72C-09AF2AF02B5B}"
EndProject
Global
	GlobalSection(SolutionConfigurationPlatforms) = preSolution
		Debug|Any CPU = Debug|Any CPU
		Release|Any CPU = Release|Any CPU
	EndGlobalSection
	GlobalSection(ProjectConfigurationPlatforms) = postSolution
		{049DBCB3-356E-489F-B72C-09AF2AF02B5B}.Debug|Any CPU.ActiveCfg = Debug|Any CPU
		{049DBCB3-356E-489F-B72C-09AF2AF02B5B}.Debug|Any CPU.Build.0 = Debug|Any CPU
		{049DBCB3-356E-489F-B72C-09AF2AF02B5B}.Release|Any CPU.ActiveCfg = Release|Any CPU
		{049DBCB3-356E-489F-B72C-09AF2AF02B5B}.Release|Any CPU.Build.0 = Release|Any CPU
	EndGlobalSection
	GlobalSection(SolutionProperties) = preSolution
		HideSolutionNode = FALSE
	EndGlobalSection
EndGlobal
